
Microsoft Visual Studio Solution File, Format Version 12.00
# Visual Studio Version 16
VisualStudioVersion = 16.0.34031.81
MinimumVisualStudioVersion = 10.0.40219.1
Project("{2150E333-8FDC-42A3-9474-1A3956D46DE8}") = "Task0", "Task0", "{66917248-A466-4C5C-97A6-A3B18B6FCD4C}"
EndProject
Project("{FAE04EC0-301F-11D3-BF4B-00C04F79EFBC}") = "Tyuiu.MenshikovEA.Sprint3.Task0.V14", "Tyuiu.MenshikovEA.Sprint3.Task0.V14\Tyuiu.MenshikovEA.Sprint3.Task0.V14.csproj", "{64B75642-09DC-4BA1-869A-B1457B283B4B}"
EndProject
Project("{FAE04EC0-301F-11D3-BF4B-00C04F79EFBC}") = "Tyuiu.MenshikovEA.Sprint3.Task0.V14.Lib", "Tyuiu.MenshikovEA.Sprint3.Task0.V14.Lib\Tyuiu.MenshikovEA.Sprint3.Task0.V14.Lib.csproj", "{61C6E087-FFDD-477B-B7BA-3E8E6A098424}"
EndProject
Project("{FAE04EC0-301F-11D3-BF4B-00C04F79EFBC}") = "Tyuiu.MenshikovEA.Sprint3.Task0.V14.Test", "Tyuiu.MenshikovEA.Sprint3.Task0.V14.Test\Tyuiu.MenshikovEA.Sprint3.Task0.V14.Test.csproj", "{17A8692E-D8F1-403C-B5E4-F836AECD78B3}"
EndProject
Project("{2150E333-8FDC-42A3-9474-1A3956D46DE8}") = "Task1", "Task1", "{6CE2641C-EB57-4593-B47A-ACC54DE96B2F}"
EndProject
Project("{FAE04EC0-301F-11D3-BF4B-00C04F79EFBC}") = "Tyuiu.MenhikovEA.Sprint3.Task1.V13", "Tyuiu.MenhikovEA.Sprint3.Task1.V13\Tyuiu.MenhikovEA.Sprint3.Task1.V13.csproj", "{6456BB09-96E3-498B-B486-C9B27147B320}"
EndProject
Project("{FAE04EC0-301F-11D3-BF4B-00C04F79EFBC}") = "Tyuiu.MenhikovEA.Sprint3.Task1.V13.Lib", "Tyuiu.MenhikovEA.Sprint3.Task1.V13.Lib\Tyuiu.MenhikovEA.Sprint3.Task1.V13.Lib.csproj", "{C0868B26-5D49-44AF-ACAA-EE1022B970B4}"
EndProject
Project("{FAE04EC0-301F-11D3-BF4B-00C04F79EFBC}") = "Tyuiu.MenhikovEA.Sprint3.Task1.V13.Test", "Tyuiu.MenhikovEA.Sprint3.Task1.V13.Test\Tyuiu.MenhikovEA.Sprint3.Task1.V13.Test.csproj", "{E703D0CC-5538-480E-B3A4-E955DE3C9793}"
EndProject
Project("{2150E333-8FDC-42A3-9474-1A3956D46DE8}") = "Task2", "Task2", "{5A43F3B0-8427-4E82-922F-EF2BCD461556}"
EndProject
Project("{FAE04EC0-301F-11D3-BF4B-00C04F79EFBC}") = "Tyuiu.MenshikovEA.Sprint3.Task2.V11", "Tyuiu.MenshikovEA.Sprint3.Task2.V11\Tyuiu.MenshikovEA.Sprint3.Task2.V11.csproj", "{C4A40F78-95FE-4D9B-81C0-1B95CC559E02}"
EndProject
Project("{FAE04EC0-301F-11D3-BF4B-00C04F79EFBC}") = "Tyuiu.MenshikovEA.Sprint3.Task2.V11.Lib", "Tyuiu.MenshikovEA.Sprint3.Task2.V11.Lib\Tyuiu.MenshikovEA.Sprint3.Task2.V11.Lib.csproj", "{A2202654-BEBC-4B02-AACB-AD20C6895BEB}"
EndProject
Project("{FAE04EC0-301F-11D3-BF4B-00C04F79EFBC}") = "Tyuiu.MenshikovEA.Sprint3.Task2.V11.Test", "Tyuiu.MenshikovEA.Sprint3.Task2.V11.Test\Tyuiu.MenshikovEA.Sprint3.Task2.V11.Test.csproj", "{951B5670-4197-4B9E-9EB4-081E3C82ECFF}"
EndProject
Global
	GlobalSection(SolutionConfigurationPlatforms) = preSolution
		Debug|Any CPU = Debug|Any CPU
		Release|Any CPU = Release|Any CPU
	EndGlobalSection
	GlobalSection(ProjectConfigurationPlatforms) = postSolution
		{64B75642-09DC-4BA1-869A-B1457B283B4B}.Debug|Any CPU.ActiveCfg = Debug|Any CPU
		{64B75642-09DC-4BA1-869A-B1457B283B4B}.Debug|Any CPU.Build.0 = Debug|Any CPU
		{64B75642-09DC-4BA1-869A-B1457B283B4B}.Release|Any CPU.ActiveCfg = Release|Any CPU
		{64B75642-09DC-4BA1-869A-B1457B283B4B}.Release|Any CPU.Build.0 = Release|Any CPU
		{61C6E087-FFDD-477B-B7BA-3E8E6A098424}.Debug|Any CPU.ActiveCfg = Debug|Any CPU
		{61C6E087-FFDD-477B-B7BA-3E8E6A098424}.Debug|Any CPU.Build.0 = Debug|Any CPU
		{61C6E087-FFDD-477B-B7BA-3E8E6A098424}.Release|Any CPU.ActiveCfg = Release|Any CPU
		{61C6E087-FFDD-477B-B7BA-3E8E6A098424}.Release|Any CPU.Build.0 = Release|Any CPU
		{17A8692E-D8F1-403C-B5E4-F836AECD78B3}.Debug|Any CPU.ActiveCfg = Debug|Any CPU
		{17A8692E-D8F1-403C-B5E4-F836AECD78B3}.Debug|Any CPU.Build.0 = Debug|Any CPU
		{17A8692E-D8F1-403C-B5E4-F836AECD78B3}.Release|Any CPU.ActiveCfg = Release|Any CPU
		{17A8692E-D8F1-403C-B5E4-F836AECD78B3}.Release|Any CPU.Build.0 = Release|Any CPU
		{6456BB09-96E3-498B-B486-C9B27147B320}.Debug|Any CPU.ActiveCfg = Debug|Any CPU
		{6456BB09-96E3-498B-B486-C9B27147B320}.Debug|Any CPU.Build.0 = Debug|Any CPU
		{6456BB09-96E3-498B-B486-C9B27147B320}.Release|Any CPU.ActiveCfg = Release|Any CPU
		{6456BB09-96E3-498B-B486-C9B27147B320}.Release|Any CPU.Build.0 = Release|Any CPU
		{C0868B26-5D49-44AF-ACAA-EE1022B970B4}.Debug|Any CPU.ActiveCfg = Debug|Any CPU
		{C0868B26-5D49-44AF-ACAA-EE1022B970B4}.Debug|Any CPU.Build.0 = Debug|Any CPU
		{C0868B26-5D49-44AF-ACAA-EE1022B970B4}.Release|Any CPU.ActiveCfg = Release|Any CPU
		{C0868B26-5D49-44AF-ACAA-EE1022B970B4}.Release|Any CPU.Build.0 = Release|Any CPU
		{E703D0CC-5538-480E-B3A4-E955DE3C9793}.Debug|Any CPU.ActiveCfg = Debug|Any CPU
		{E703D0CC-5538-480E-B3A4-E955DE3C9793}.Debug|Any CPU.Build.0 = Debug|Any CPU
		{E703D0CC-5538-480E-B3A4-E955DE3C9793}.Release|Any CPU.ActiveCfg = Release|Any CPU
		{E703D0CC-5538-480E-B3A4-E955DE3C9793}.Release|Any CPU.Build.0 = Release|Any CPU
		{C4A40F78-95FE-4D9B-81C0-1B95CC559E02}.Debug|Any CPU.ActiveCfg = Debug|Any CPU
		{C4A40F78-95FE-4D9B-81C0-1B95CC559E02}.Debug|Any CPU.Build.0 = Debug|Any CPU
		{C4A40F78-95FE-4D9B-81C0-1B95CC559E02}.Release|Any CPU.ActiveCfg = Release|Any CPU
		{C4A40F78-95FE-4D9B-81C0-1B95CC559E02}.Release|Any CPU.Build.0 = Release|Any CPU
		{A2202654-BEBC-4B02-AACB-AD20C6895BEB}.Debug|Any CPU.ActiveCfg = Debug|Any CPU
		{A2202654-BEBC-4B02-AACB-AD20C6895BEB}.Debug|Any CPU.Build.0 = Debug|Any CPU
		{A2202654-BEBC-4B02-AACB-AD20C6895BEB}.Release|Any CPU.ActiveCfg = Release|Any CPU
		{A2202654-BEBC-4B02-AACB-AD20C6895BEB}.Release|Any CPU.Build.0 = Release|Any CPU
		{951B5670-4197-4B9E-9EB4-081E3C82ECFF}.Debug|Any CPU.ActiveCfg = Debug|Any CPU
		{951B5670-4197-4B9E-9EB4-081E3C82ECFF}.Debug|Any CPU.Build.0 = Debug|Any CPU
		{951B5670-4197-4B9E-9EB4-081E3C82ECFF}.Release|Any CPU.ActiveCfg = Release|Any CPU
		{951B5670-4197-4B9E-9EB4-081E3C82ECFF}.Release|Any CPU.Build.0 = Release|Any CPU
	EndGlobalSection
	GlobalSection(SolutionProperties) = preSolution
		HideSolutionNode = FALSE
	EndGlobalSection
	GlobalSection(NestedProjects) = preSolution
		{64B75642-09DC-4BA1-869A-B1457B283B4B} = {66917248-A466-4C5C-97A6-A3B18B6FCD4C}
		{61C6E087-FFDD-477B-B7BA-3E8E6A098424} = {66917248-A466-4C5C-97A6-A3B18B6FCD4C}
		{17A8692E-D8F1-403C-B5E4-F836AECD78B3} = {66917248-A466-4C5C-97A6-A3B18B6FCD4C}
		{6456BB09-96E3-498B-B486-C9B27147B320} = {6CE2641C-EB57-4593-B47A-ACC54DE96B2F}
		{C0868B26-5D49-44AF-ACAA-EE1022B970B4} = {6CE2641C-EB57-4593-B47A-ACC54DE96B2F}
		{E703D0CC-5538-480E-B3A4-E955DE3C9793} = {6CE2641C-EB57-4593-B47A-ACC54DE96B2F}
		{C4A40F78-95FE-4D9B-81C0-1B95CC559E02} = {5A43F3B0-8427-4E82-922F-EF2BCD461556}
		{A2202654-BEBC-4B02-AACB-AD20C6895BEB} = {5A43F3B0-8427-4E82-922F-EF2BCD461556}
		{951B5670-4197-4B9E-9EB4-081E3C82ECFF} = {5A43F3B0-8427-4E82-922F-EF2BCD461556}
	EndGlobalSection
	GlobalSection(ExtensibilityGlobals) = postSolution
		SolutionGuid = {0226674C-BBC3-420C-8D6C-5FD3717F3AA0}
	EndGlobalSection
EndGlobal
